// !$*UTF8*$!
{
	archiveVersion = 1;
	classes = {
	};
	objectVersion = 50;
	objects = {

/* Begin PBXBuildFile section */
		045D158026A917E1003A759D /* HW46.cpp in Sources */ = {isa = PBXBuildFile; fileRef = 045D157326A8C976003A759D /* HW46.cpp */; };
/* End PBXBuildFile section */

/* Begin PBXCopyFilesBuildPhase section */
		041BDC53268964F400D8883B /* CopyFiles */ = {
			isa = PBXCopyFilesBuildPhase;
			buildActionMask = 2147483647;
			dstPath = /usr/share/man/man1/;
			dstSubfolderSpec = 0;
			files = (
			);
			runOnlyForDeploymentPostprocessing = 1;
		};
/* End PBXCopyFilesBuildPhase section */

/* Begin PBXFileReference section */
		040AF64B269B51E8005B8E91 /* HW18.cpp */ = {isa = PBXFileReference; lastKnownFileType = sourcecode.cpp.cpp; path = HW18.cpp; sourceTree = "<group>"; };
		040AF64D269B53FF005B8E91 /* HW19.cpp */ = {isa = PBXFileReference; lastKnownFileType = sourcecode.cpp.cpp; path = HW19.cpp; sourceTree = "<group>"; };
		040AF64F269B555C005B8E91 /* HW20.cpp */ = {isa = PBXFileReference; lastKnownFileType = sourcecode.cpp.cpp; path = HW20.cpp; sourceTree = "<group>"; };
		040AF651269B5730005B8E91 /* HW21.cpp */ = {isa = PBXFileReference; lastKnownFileType = sourcecode.cpp.cpp; path = HW21.cpp; sourceTree = "<group>"; };
		040AF653269B57D5005B8E91 /* HW22.cpp */ = {isa = PBXFileReference; lastKnownFileType = sourcecode.cpp.cpp; path = HW22.cpp; sourceTree = "<group>"; };
		041140402693EFE800701C02 /* lab_null char.c */ = {isa = PBXFileReference; lastKnownFileType = sourcecode.c.c; path = "lab_null char.c"; sourceTree = "<group>"; };
		04114042269403BB00701C02 /* HW4.cpp */ = {isa = PBXFileReference; lastKnownFileType = sourcecode.cpp.cpp; path = HW4.cpp; sourceTree = "<group>"; };
		0411404426940F9B00701C02 /* HW5.cpp */ = {isa = PBXFileReference; lastKnownFileType = sourcecode.cpp.cpp; path = HW5.cpp; sourceTree = "<group>"; };
		0411404626941DE600701C02 /* HW6.cpp */ = {isa = PBXFileReference; lastKnownFileType = sourcecode.cpp.cpp; path = HW6.cpp; sourceTree = "<group>"; };
		0411404A26952C4D00701C02 /* HW7.cpp */ = {isa = PBXFileReference; lastKnownFileType = sourcecode.cpp.cpp; path = HW7.cpp; sourceTree = "<group>"; };
		0411404C2695328800701C02 /* HW8.cpp */ = {isa = PBXFileReference; lastKnownFileType = sourcecode.cpp.cpp; path = HW8.cpp; sourceTree = "<group>"; };
		0411404F2695341600701C02 /* HW9.cpp */ = {isa = PBXFileReference; lastKnownFileType = sourcecode.cpp.cpp; path = HW9.cpp; sourceTree = "<group>"; };
		041140512695357100701C02 /* HW10.cpp */ = {isa = PBXFileReference; lastKnownFileType = sourcecode.cpp.cpp; path = HW10.cpp; sourceTree = "<group>"; };
		04114053269537A800701C02 /* HW11.cpp */ = {isa = PBXFileReference; lastKnownFileType = sourcecode.cpp.cpp; path = HW11.cpp; sourceTree = "<group>"; };
		0411405526953A4200701C02 /* HW12.cpp */ = {isa = PBXFileReference; lastKnownFileType = sourcecode.cpp.cpp; path = HW12.cpp; sourceTree = "<group>"; };
		0411405926953EEE00701C02 /* lab_overflow&underflow.c */ = {isa = PBXFileReference; lastKnownFileType = sourcecode.c.c; path = "lab_overflow&underflow.c"; sourceTree = "<group>"; };
		041140602696876700701C02 /* HW13.cpp */ = {isa = PBXFileReference; lastKnownFileType = sourcecode.cpp.cpp; path = HW13.cpp; sourceTree = "<group>"; };
		041140622696959900701C02 /* lab_float_loop.c */ = {isa = PBXFileReference; lastKnownFileType = sourcecode.c.c; path = lab_float_loop.c; sourceTree = "<group>"; };
		0411406426969C5400701C02 /* lab_string_var.c */ = {isa = PBXFileReference; lastKnownFileType = sourcecode.c.c; path = lab_string_var.c; sourceTree = "<group>"; };
		041140672696A16800701C02 /* HW15.cpp */ = {isa = PBXFileReference; lastKnownFileType = sourcecode.cpp.cpp; path = HW15.cpp; sourceTree = "<group>"; };
		041140692696A22500701C02 /* HW16.cpp */ = {isa = PBXFileReference; lastKnownFileType = sourcecode.cpp.cpp; path = HW16.cpp; sourceTree = "<group>"; };
		04119820269E862C004EF23F /* lab_sizeof.c */ = {isa = PBXFileReference; lastKnownFileType = sourcecode.c.c; path = lab_sizeof.c; sourceTree = "<group>"; };
		04119822269EA756004EF23F /* HW26.cpp */ = {isa = PBXFileReference; lastKnownFileType = sourcecode.cpp.cpp; path = HW26.cpp; sourceTree = "<group>"; };
		04119824269EBDB8004EF23F /* HW27.cpp */ = {isa = PBXFileReference; lastKnownFileType = sourcecode.cpp.cpp; path = HW27.cpp; sourceTree = "<group>"; };
		04119826269EC26C004EF23F /* HW28.cpp */ = {isa = PBXFileReference; lastKnownFileType = sourcecode.cpp.cpp; path = HW28.cpp; sourceTree = "<group>"; };
		041949F826A147BE004A7C35 /* HW31.cpp */ = {isa = PBXFileReference; lastKnownFileType = sourcecode.cpp.cpp; path = HW31.cpp; sourceTree = "<group>"; usesTabs = 1; };
		041949FB26A153D8004A7C35 /* HW32.cpp */ = {isa = PBXFileReference; lastKnownFileType = sourcecode.cpp.cpp; path = HW32.cpp; sourceTree = "<group>"; };
		041949FD26A15C6B004A7C35 /* HW34.cpp */ = {isa = PBXFileReference; lastKnownFileType = sourcecode.cpp.cpp; path = HW34.cpp; sourceTree = "<group>"; };
		041949FF26A1632A004A7C35 /* HW35.cpp */ = {isa = PBXFileReference; lastKnownFileType = sourcecode.cpp.cpp; path = HW35.cpp; sourceTree = "<group>"; };
		04194A0126A164A2004A7C35 /* HW36.cpp */ = {isa = PBXFileReference; lastKnownFileType = sourcecode.cpp.cpp; path = HW36.cpp; sourceTree = "<group>"; };
		04194A0326A1666D004A7C35 /* HW37.cpp */ = {isa = PBXFileReference; lastKnownFileType = sourcecode.cpp.cpp; path = HW37.cpp; sourceTree = "<group>"; };
		04194A0526A169AE004A7C35 /* HW38.cpp */ = {isa = PBXFileReference; lastKnownFileType = sourcecode.cpp.cpp; path = HW38.cpp; sourceTree = "<group>"; };
		041BDC55268964F400D8883B /* C Language Study */ = {isa = PBXFileReference; explicitFileType = "compiled.mach-o.executable"; includeInIndex = 0; path = "C Language Study"; sourceTree = BUILT_PRODUCTS_DIR; };
		041BDC58268964F400D8883B /* Basic01_HelloWorld.c */ = {isa = PBXFileReference; lastKnownFileType = sourcecode.c.c; path = Basic01_HelloWorld.c; sourceTree = "<group>"; };
		04325B72269D30FF0086374E /* Q1_printStar.c */ = {isa = PBXFileReference; lastKnownFileType = sourcecode.c.c; path = Q1_printStar.c; sourceTree = "<group>"; };
		04325B75269D320F0086374E /* Q2_stairNum.c */ = {isa = PBXFileReference; lastKnownFileType = sourcecode.c.c; path = Q2_stairNum.c; sourceTree = "<group>"; };
		04325B77269D33D40086374E /* Q3_reverseStairNum.c */ = {isa = PBXFileReference; lastKnownFileType = sourcecode.c.c; path = Q3_reverseStairNum.c; sourceTree = "<group>"; };
		04325B7A269D5A560086374E /* HW23.cpp */ = {isa = PBXFileReference; lastKnownFileType = sourcecode.cpp.cpp; path = HW23.cpp; sourceTree = "<group>"; };
		04325B7C269D5B9A0086374E /* HW24.cpp */ = {isa = PBXFileReference; lastKnownFileType = sourcecode.cpp.cpp; path = HW24.cpp; sourceTree = "<group>"; };
		04325B7E269D62500086374E /* HW25.cpp */ = {isa = PBXFileReference; lastKnownFileType = sourcecode.cpp.cpp; path = HW25.cpp; sourceTree = "<group>"; };
		0434BE8F26A4D3AC00F7F0EE /* HW33.cpp */ = {isa = PBXFileReference; lastKnownFileType = sourcecode.cpp.cpp; path = HW33.cpp; sourceTree = "<group>"; };
		0434BE9126A4E33300F7F0EE /* HW40.cpp */ = {isa = PBXFileReference; lastKnownFileType = sourcecode.cpp.cpp; path = HW40.cpp; sourceTree = "<group>"; };
		0434BE9326A4E3E300F7F0EE /* HW39.cpp */ = {isa = PBXFileReference; lastKnownFileType = sourcecode.cpp.cpp; path = HW39.cpp; sourceTree = "<group>"; };
		04485151268D4D6F006E37E9 /* Basic02_09_variables1.c */ = {isa = PBXFileReference; lastKnownFileType = sourcecode.c.c; path = Basic02_09_variables1.c; sourceTree = "<group>"; };
		04485153268D525F006E37E9 /* Basic02_09_variables2.c */ = {isa = PBXFileReference; lastKnownFileType = sourcecode.c.c; path = Basic02_09_variables2.c; sourceTree = "<group>"; };
		04485155268D531C006E37E9 /* Basic02_09_variables3.c */ = {isa = PBXFileReference; lastKnownFileType = sourcecode.c.c; path = Basic02_09_variables3.c; sourceTree = "<group>"; };
		04485157268D5672006E37E9 /* Basic02_10_stringArray.c */ = {isa = PBXFileReference; lastKnownFileType = sourcecode.c.c; path = Basic02_10_stringArray.c; sourceTree = "<group>"; };
		04485159268D603A006E37E9 /* Basic03_01_printf.c */ = {isa = PBXFileReference; lastKnownFileType = sourcecode.c.c; path = Basic03_01_printf.c; sourceTree = "<group>"; };
		0448515B268D6149006E37E9 /* Basic03_02_printFormat.c */ = {isa = PBXFileReference; lastKnownFileType = sourcecode.c.c; path = Basic03_02_printFormat.c; sourceTree = "<group>"; };
		0448515D268D6C27006E37E9 /* Q2-12_AsciiCal.c */ = {isa = PBXFileReference; lastKnownFileType = sourcecode.c.c; path = "Q2-12_AsciiCal.c"; sourceTree = "<group>"; };
		0448515F268D6D1B006E37E9 /* Q2-13_arithOper.c */ = {isa = PBXFileReference; lastKnownFileType = sourcecode.c.c; path = "Q2-13_arithOper.c"; sourceTree = "<group>"; };
		04485161268D7174006E37E9 /* Q2-14_studentTest.c */ = {isa = PBXFileReference; lastKnownFileType = sourcecode.c.c; path = "Q2-14_studentTest.c"; sourceTree = "<group>"; };
		04585EF7269FE28D00923070 /* HW29.cpp */ = {isa = PBXFileReference; lastKnownFileType = sourcecode.cpp.cpp; path = HW29.cpp; sourceTree = "<group>"; usesTabs = 1; };
		04585EFA269FEB8900923070 /* HW30.cpp */ = {isa = PBXFileReference; lastKnownFileType = sourcecode.cpp.cpp; path = HW30.cpp; sourceTree = "<group>"; };
		045D157326A8C976003A759D /* HW46.cpp */ = {isa = PBXFileReference; lastKnownFileType = sourcecode.cpp.cpp; path = HW46.cpp; sourceTree = "<group>"; };
		045D157526A8D703003A759D /* HW47.cpp */ = {isa = PBXFileReference; lastKnownFileType = sourcecode.cpp.cpp; path = HW47.cpp; sourceTree = "<group>"; };
		045D157726A8EABD003A759D /* HW48.cpp */ = {isa = PBXFileReference; lastKnownFileType = sourcecode.cpp.cpp; path = HW48.cpp; sourceTree = "<group>"; };
		045D157926A8EC3C003A759D /* HW49.cpp */ = {isa = PBXFileReference; lastKnownFileType = sourcecode.cpp.cpp; path = HW49.cpp; sourceTree = "<group>"; };
		045D157B26A8FB0D003A759D /* lab_array-range.cpp */ = {isa = PBXFileReference; lastKnownFileType = sourcecode.cpp.cpp; path = "lab_array-range.cpp"; sourceTree = "<group>"; };
		0462E49F268BF02A00FD032B /* research_DataType.c */ = {isa = PBXFileReference; lastKnownFileType = sourcecode.c.c; path = research_DataType.c; sourceTree = "<group>"; };
		0462E4A1268BF59900FD032B /* Basic02_02_datatype.c */ = {isa = PBXFileReference; lastKnownFileType = sourcecode.c.c; path = Basic02_02_datatype.c; sourceTree = "<group>"; };
		0462E4A3268BF9CD00FD032B /* Q2-06_taxCal.c */ = {isa = PBXFileReference; lastKnownFileType = sourcecode.c.c; path = "Q2-06_taxCal.c"; sourceTree = "<group>"; };
		0462E4A5268BFB5C00FD032B /* Basic02_02_limits.c */ = {isa = PBXFileReference; lastKnownFileType = sourcecode.c.c; path = Basic02_02_limits.c; sourceTree = "<group>"; };
		0462E4A7268BFBF300FD032B /* Basic02_03_datasize.c */ = {isa = PBXFileReference; lastKnownFileType = sourcecode.c.c; path = Basic02_03_datasize.c; sourceTree = "<group>"; usesTabs = 1; };
		0462E4A9268C008600FD032B /* Basic02_04_numtype.c */ = {isa = PBXFileReference; lastKnownFileType = sourcecode.c.c; path = Basic02_04_numtype.c; sourceTree = "<group>"; usesTabs = 1; };
		0462E4AB268C04DF00FD032B /* Basic02_05_floatType.c */ = {isa = PBXFileReference; lastKnownFileType = sourcecode.c.c; path = Basic02_05_floatType.c; sourceTree = "<group>"; usesTabs = 1; };
		0462E4AD268C0E5200FD032B /* Basic02_06_charType.c */ = {isa = PBXFileReference; lastKnownFileType = sourcecode.c.c; path = Basic02_06_charType.c; sourceTree = "<group>"; };
		0462E4AF268C12CA00FD032B /* Basic02_07_stringType.c */ = {isa = PBXFileReference; lastKnownFileType = sourcecode.c.c; path = Basic02_07_stringType.c; sourceTree = "<group>"; };
		0462E4B1268C149100FD032B /* Basic02_08_macroConstant.c */ = {isa = PBXFileReference; lastKnownFileType = sourcecode.c.c; path = Basic02_08_macroConstant.c; sourceTree = "<group>"; };
		046AF169269BDEA800BEB977 /* lab_stdin-buffer.c */ = {isa = PBXFileReference; lastKnownFileType = sourcecode.c.c; path = "lab_stdin-buffer.c"; sourceTree = "<group>"; };
		046AF16D269BEDBF00BEB977 /* HW14.cpp */ = {isa = PBXFileReference; lastKnownFileType = sourcecode.cpp.cpp; path = HW14.cpp; sourceTree = "<group>"; };
		048AEBAE26A7C75500707C7A /* HW44.cpp */ = {isa = PBXFileReference; lastKnownFileType = sourcecode.cpp.cpp; path = HW44.cpp; sourceTree = "<group>"; };
		048AEBB026A7CBAC00707C7A /* HW45.cpp */ = {isa = PBXFileReference; lastKnownFileType = sourcecode.cpp.cpp; path = HW45.cpp; sourceTree = "<group>"; };
		04906194268AA6F5004B6C4F /* Q1-07_age.c */ = {isa = PBXFileReference; lastKnownFileType = sourcecode.c.c; path = "Q1-07_age.c"; sourceTree = "<group>"; };
		04906196268AA7BE004B6C4F /* Q1-08_siUnit.c */ = {isa = PBXFileReference; lastKnownFileType = sourcecode.c.c; path = "Q1-08_siUnit.c"; sourceTree = "<group>"; };
		04906198268ABB88004B6C4F /* Basic02_01_datatypes.c */ = {isa = PBXFileReference; lastKnownFileType = sourcecode.c.c; path = Basic02_01_datatypes.c; sourceTree = "<group>"; };
		0490619A268AC378004B6C4F /* Q2-05_bodyInfor.c */ = {isa = PBXFileReference; lastKnownFileType = sourcecode.c.c; path = "Q2-05_bodyInfor.c"; sourceTree = "<group>"; };
		049538CF26A4EDCA00ECA8C2 /* test.cpp */ = {isa = PBXFileReference; lastKnownFileType = sourcecode.cpp.cpp; path = test.cpp; sourceTree = "<group>"; };
		049538D226A4F8D100ECA8C2 /* HW41.cpp */ = {isa = PBXFileReference; lastKnownFileType = sourcecode.cpp.cpp; path = HW41.cpp; sourceTree = "<group>"; };
		049538D526A500D300ECA8C2 /* ex09-03.c */ = {isa = PBXFileReference; lastKnownFileType = sourcecode.c.c; path = "ex09-03.c"; sourceTree = "<group>"; };
		049538D726A51E3F00ECA8C2 /* User.h */ = {isa = PBXFileReference; lastKnownFileType = sourcecode.c.h; path = User.h; sourceTree = "<group>"; };
		04AC90912697CEEB000D0561 /* lab_type_casting.c */ = {isa = PBXFileReference; lastKnownFileType = sourcecode.c.c; path = lab_type_casting.c; sourceTree = "<group>"; };
		04AC90932697D3FB000D0561 /* lab_int-vs-uint.c */ = {isa = PBXFileReference; lastKnownFileType = sourcecode.c.c; path = "lab_int-vs-uint.c"; sourceTree = "<group>"; };
		04AD199126A651EE00E9E25E /* lab_argument.c */ = {isa = PBXFileReference; lastKnownFileType = sourcecode.c.c; path = lab_argument.c; sourceTree = "<group>"; };
		04AD199526A6713200E9E25E /* HW42.cpp */ = {isa = PBXFileReference; lastKnownFileType = sourcecode.cpp.cpp; path = HW42.cpp; sourceTree = "<group>"; };
		04AD199A26A6740700E9E25E /* HW43.cpp */ = {isa = PBXFileReference; lastKnownFileType = sourcecode.cpp.cpp; path = HW43.cpp; sourceTree = "<group>"; };
		04AFF6BD2692AE6600BA206E /* HW1.cpp */ = {isa = PBXFileReference; lastKnownFileType = sourcecode.cpp.cpp; path = HW1.cpp; sourceTree = "<group>"; };
		04AFF6BF2692B19500BA206E /* HW2.cpp */ = {isa = PBXFileReference; lastKnownFileType = sourcecode.cpp.cpp; path = HW2.cpp; sourceTree = "<group>"; };
		04AFF6C12692B2FB00BA206E /* HW3.cpp */ = {isa = PBXFileReference; lastKnownFileType = sourcecode.cpp.cpp; path = HW3.cpp; sourceTree = "<group>"; };
		04F7F217268E98E700A54BFF /* Basic03_03_scanf.c */ = {isa = PBXFileReference; lastKnownFileType = sourcecode.c.c; path = Basic03_03_scanf.c; sourceTree = "<group>"; };
		04F7F219268E9F6E00A54BFF /* Basic03_03_scanf2.c */ = {isa = PBXFileReference; lastKnownFileType = sourcecode.c.c; path = Basic03_03_scanf2.c; sourceTree = "<group>"; };
		04F7F21B268E9FFA00A54BFF /* Basic03_03_scanf3.c */ = {isa = PBXFileReference; lastKnownFileType = sourcecode.c.c; path = Basic03_03_scanf3.c; sourceTree = "<group>"; };
		04F7F21D268EA09900A54BFF /* Basic03_03_scanf4.c */ = {isa = PBXFileReference; lastKnownFileType = sourcecode.c.c; path = Basic03_03_scanf4.c; sourceTree = "<group>"; };
		04F7F21F268EA14B00A54BFF /* Basic03_04_gets.c */ = {isa = PBXFileReference; lastKnownFileType = sourcecode.c.c; path = Basic03_04_gets.c; sourceTree = "<group>"; };
		04F7F221268EA42600A54BFF /* Basic05_01_if1.c */ = {isa = PBXFileReference; lastKnownFileType = sourcecode.c.c; path = Basic05_01_if1.c; sourceTree = "<group>"; };
		04F7F223268EA59A00A54BFF /* Basic05_01_if2-absoluteVal.c */ = {isa = PBXFileReference; lastKnownFileType = sourcecode.c.c; path = "Basic05_01_if2-absoluteVal.c"; sourceTree = "<group>"; };
		04F7F225268EA77300A54BFF /* Basic05_02_if1.c */ = {isa = PBXFileReference; lastKnownFileType = sourcecode.c.c; path = Basic05_02_if1.c; sourceTree = "<group>"; };
		04F7F227268EA7EE00A54BFF /* Basic05_02_if2-SmallLarge.c */ = {isa = PBXFileReference; lastKnownFileType = sourcecode.c.c; path = "Basic05_02_if2-SmallLarge.c"; sourceTree = "<group>"; };
		04F7F229268EA89200A54BFF /* Basic05_02_if3-OddEven.c */ = {isa = PBXFileReference; lastKnownFileType = sourcecode.c.c; path = "Basic05_02_if3-OddEven.c"; sourceTree = "<group>"; };
		04F7F22B268EA91900A54BFF /* Basic05_02_if4-division.c */ = {isa = PBXFileReference; lastKnownFileType = sourcecode.c.c; path = "Basic05_02_if4-division.c"; sourceTree = "<group>"; };
		04F7F22D268EA9D900A54BFF /* Basic05_03_if1.c */ = {isa = PBXFileReference; lastKnownFileType = sourcecode.c.c; path = Basic05_03_if1.c; sourceTree = "<group>"; };
		04F7F22F268EB31E00A54BFF /* Basic05_04_for1.c */ = {isa = PBXFileReference; lastKnownFileType = sourcecode.c.c; path = Basic05_04_for1.c; sourceTree = "<group>"; };
		04F7F230268EB37C00A54BFF /* Basic05_04_for2.c */ = {isa = PBXFileReference; lastKnownFileType = sourcecode.c.c; path = Basic05_04_for2.c; sourceTree = "<group>"; };
		04F7F231268EB3D900A54BFF /* Basic05_04_for3.c */ = {isa = PBXFileReference; lastKnownFileType = sourcecode.c.c; path = Basic05_04_for3.c; sourceTree = "<group>"; };
		04F7F232268EB42100A54BFF /* Basic05_04_for4-sum.c */ = {isa = PBXFileReference; lastKnownFileType = sourcecode.c.c; path = "Basic05_04_for4-sum.c"; sourceTree = "<group>"; };
		04F7F233268EB4A200A54BFF /* Basic05_04_for5-evenSum.c */ = {isa = PBXFileReference; lastKnownFileType = sourcecode.c.c; path = "Basic05_04_for5-evenSum.c"; sourceTree = "<group>"; };
		04F7F234268EB54000A54BFF /* Basic05_04_for6-nTimePrint.c */ = {isa = PBXFileReference; lastKnownFileType = sourcecode.c.c; path = "Basic05_04_for6-nTimePrint.c"; sourceTree = "<group>"; };
		04F7F235268EB5FF00A54BFF /* Basic05_05_while-sum.c */ = {isa = PBXFileReference; lastKnownFileType = sourcecode.c.c; path = "Basic05_05_while-sum.c"; sourceTree = "<group>"; };
		04F7F237268EB6A200A54BFF /* Basic05_05_while-gugudan.c */ = {isa = PBXFileReference; lastKnownFileType = sourcecode.c.c; path = "Basic05_05_while-gugudan.c"; sourceTree = "<group>"; };
/* End PBXFileReference section */

/* Begin PBXFrameworksBuildPhase section */
		041BDC52268964F400D8883B /* Frameworks */ = {
			isa = PBXFrameworksBuildPhase;
			buildActionMask = 2147483647;
			files = (
			);
			runOnlyForDeploymentPostprocessing = 0;
		};
/* End PBXFrameworksBuildPhase section */

/* Begin PBXGroup section */
		0411403F2693EF1C00701C02 /* Day 07_210706 */ = {
			isa = PBXGroup;
			children = (
				041140402693EFE800701C02 /* lab_null char.c */,
				04114042269403BB00701C02 /* HW4.cpp */,
				0411404426940F9B00701C02 /* HW5.cpp */,
				0411404626941DE600701C02 /* HW6.cpp */,
			);
			path = "Day 07_210706";
			sourceTree = "<group>";
		};
		04114049269526EB00701C02 /* Day 08_210707 */ = {
			isa = PBXGroup;
			children = (
				0411404A26952C4D00701C02 /* HW7.cpp */,
				0411404C2695328800701C02 /* HW8.cpp */,
				0411404F2695341600701C02 /* HW9.cpp */,
				041140512695357100701C02 /* HW10.cpp */,
				0411405926953EEE00701C02 /* lab_overflow&underflow.c */,
			);
			path = "Day 08_210707";
			sourceTree = "<group>";
			usesTabs = 1;
		};
		0411405F2695554800701C02 /* Day 09_210708 */ = {
			isa = PBXGroup;
			children = (
				04114053269537A800701C02 /* HW11.cpp */,
				041140622696959900701C02 /* lab_float_loop.c */,
				0411406426969C5400701C02 /* lab_string_var.c */,
				041140672696A16800701C02 /* HW15.cpp */,
				041140692696A22500701C02 /* HW16.cpp */,
			);
			path = "Day 09_210708";
			sourceTree = "<group>";
			usesTabs = 1;
		};
		0411981F269E85EE004EF23F /* Day 13_210714 */ = {
			isa = PBXGroup;
			children = (
				04119820269E862C004EF23F /* lab_sizeof.c */,
				04119822269EA756004EF23F /* HW26.cpp */,
				04119824269EBDB8004EF23F /* HW27.cpp */,
				04119826269EC26C004EF23F /* HW28.cpp */,
			);
			path = "Day 13_210714";
			sourceTree = "<group>";
			usesTabs = 1;
		};
		041949F726A14796004A7C35 /* Day 15_210716 */ = {
			isa = PBXGroup;
			children = (
				041949F826A147BE004A7C35 /* HW31.cpp */,
				041949FB26A153D8004A7C35 /* HW32.cpp */,
				041949FD26A15C6B004A7C35 /* HW34.cpp */,
				041949FF26A1632A004A7C35 /* HW35.cpp */,
				04194A0126A164A2004A7C35 /* HW36.cpp */,
				04194A0326A1666D004A7C35 /* HW37.cpp */,
				04194A0526A169AE004A7C35 /* HW38.cpp */,
			);
			path = "Day 15_210716";
			sourceTree = "<group>";
			usesTabs = 1;
		};
		041BDC4C268964F400D8883B = {
			isa = PBXGroup;
			children = (
				041BDC57268964F400D8883B /* C Language Study */,
				041BDC56268964F400D8883B /* Products */,
			);
			sourceTree = "<group>";
		};
		041BDC56268964F400D8883B /* Products */ = {
			isa = PBXGroup;
			children = (
				041BDC55268964F400D8883B /* C Language Study */,
			);
			name = Products;
			sourceTree = "<group>";
		};
		041BDC57268964F400D8883B /* C Language Study */ = {
			isa = PBXGroup;
			children = (
				04906192268AA34F004B6C4F /* Day 01_210628 */,
				04906193268AA68E004B6C4F /* Day 02_210629 */,
				0462E49E268BEE7600FD032B /* Day 03_210630 */,
				04485150268D3E5B006E37E9 /* Day 04_210701 */,
				04F7F216268E8FCC00A54BFF /* Day 05_210702 */,
				04AFF6BC2692AE1B00BA206E /* Day 06_210705 */,
				0411403F2693EF1C00701C02 /* Day 07_210706 */,
				04114049269526EB00701C02 /* Day 08_210707 */,
				0411405F2695554800701C02 /* Day 09_210708 */,
				04AC90902697CEC1000D0561 /* Day 10_210709 */,
				046AF168269BDE8000BEB977 /* Day 11_210712 */,
				04325B71269D145D0086374E /* Day 12_210713 */,
				0411981F269E85EE004EF23F /* Day 13_210714 */,
				04585EF9269FE71800923070 /* Day 14_210715 */,
				041949F726A14796004A7C35 /* Day 15_210716 */,
				049538D426A500B800ECA8C2 /* Day 16_210719 */,
				04AD199026A6517C00E9E25E /* Day 17_210720 */,
				048AEBAD26A7C72700707C7A /* Day 18_210721 */,
				045D157226A8C922003A759D /* Day 19_210722 */,
				0434BE8E26A4D38700F7F0EE /* Stock */,
			);
			path = "C Language Study";
			sourceTree = "<group>";
		};
		04325B71269D145D0086374E /* Day 12_210713 */ = {
			isa = PBXGroup;
			children = (
				04325B72269D30FF0086374E /* Q1_printStar.c */,
				04325B75269D320F0086374E /* Q2_stairNum.c */,
				04325B77269D33D40086374E /* Q3_reverseStairNum.c */,
				04325B7A269D5A560086374E /* HW23.cpp */,
				04325B7C269D5B9A0086374E /* HW24.cpp */,
				04325B7E269D62500086374E /* HW25.cpp */,
			);
			path = "Day 12_210713";
			sourceTree = "<group>";
			usesTabs = 1;
		};
		0434BE8E26A4D38700F7F0EE /* Stock */ = {
			isa = PBXGroup;
			children = (
				045D157926A8EC3C003A759D /* HW49.cpp */,
			);
			path = Stock;
			sourceTree = "<group>";
			usesTabs = 1;
		};
		04485150268D3E5B006E37E9 /* Day 04_210701 */ = {
			isa = PBXGroup;
			children = (
				04485151268D4D6F006E37E9 /* Basic02_09_variables1.c */,
				04485153268D525F006E37E9 /* Basic02_09_variables2.c */,
				04485155268D531C006E37E9 /* Basic02_09_variables3.c */,
				04485157268D5672006E37E9 /* Basic02_10_stringArray.c */,
				04485159268D603A006E37E9 /* Basic03_01_printf.c */,
				0448515B268D6149006E37E9 /* Basic03_02_printFormat.c */,
				0448515D268D6C27006E37E9 /* Q2-12_AsciiCal.c */,
				0448515F268D6D1B006E37E9 /* Q2-13_arithOper.c */,
				04485161268D7174006E37E9 /* Q2-14_studentTest.c */,
			);
			path = "Day 04_210701";
			sourceTree = "<group>";
			usesTabs = 1;
		};
		04585EF9269FE71800923070 /* Day 14_210715 */ = {
			isa = PBXGroup;
			children = (
				04585EF7269FE28D00923070 /* HW29.cpp */,
				04585EFA269FEB8900923070 /* HW30.cpp */,
			);
			path = "Day 14_210715";
			sourceTree = "<group>";
			usesTabs = 1;
		};
		045D157226A8C922003A759D /* Day 19_210722 */ = {
			isa = PBXGroup;
			children = (
				045D157B26A8FB0D003A759D /* lab_array-range.cpp */,
				045D157326A8C976003A759D /* HW46.cpp */,
				045D157526A8D703003A759D /* HW47.cpp */,
				045D157726A8EABD003A759D /* HW48.cpp */,
			);
			path = "Day 19_210722";
			sourceTree = "<group>";
		};
		0462E49E268BEE7600FD032B /* Day 03_210630 */ = {
			isa = PBXGroup;
			children = (
				0462E4A1268BF59900FD032B /* Basic02_02_datatype.c */,
				0462E4A5268BFB5C00FD032B /* Basic02_02_limits.c */,
				0462E4A7268BFBF300FD032B /* Basic02_03_datasize.c */,
				0462E4A9268C008600FD032B /* Basic02_04_numtype.c */,
				0462E4AB268C04DF00FD032B /* Basic02_05_floatType.c */,
				0462E4AD268C0E5200FD032B /* Basic02_06_charType.c */,
				0462E4AF268C12CA00FD032B /* Basic02_07_stringType.c */,
				0462E4B1268C149100FD032B /* Basic02_08_macroConstant.c */,
				0462E4A3268BF9CD00FD032B /* Q2-06_taxCal.c */,
				0462E49F268BF02A00FD032B /* research_DataType.c */,
			);
			path = "Day 03_210630";
			sourceTree = "<group>";
			usesTabs = 1;
		};
		046AF168269BDE8000BEB977 /* Day 11_210712 */ = {
			isa = PBXGroup;
			children = (
				046AF169269BDEA800BEB977 /* lab_stdin-buffer.c */,
				0411405526953A4200701C02 /* HW12.cpp */,
				041140602696876700701C02 /* HW13.cpp */,
				046AF16D269BEDBF00BEB977 /* HW14.cpp */,
			);
			path = "Day 11_210712";
			sourceTree = "<group>";
			usesTabs = 1;
		};
		048AEBAD26A7C72700707C7A /* Day 18_210721 */ = {
			isa = PBXGroup;
			children = (
				048AEBAE26A7C75500707C7A /* HW44.cpp */,
				048AEBB026A7CBAC00707C7A /* HW45.cpp */,
			);
			path = "Day 18_210721";
			sourceTree = "<group>";
		};
		04906192268AA34F004B6C4F /* Day 01_210628 */ = {
			isa = PBXGroup;
			children = (
				041BDC58268964F400D8883B /* Basic01_HelloWorld.c */,
			);
			path = "Day 01_210628";
			sourceTree = "<group>";
			usesTabs = 1;
		};
		04906193268AA68E004B6C4F /* Day 02_210629 */ = {
			isa = PBXGroup;
			children = (
				04906198268ABB88004B6C4F /* Basic02_01_datatypes.c */,
				04906194268AA6F5004B6C4F /* Q1-07_age.c */,
				04906196268AA7BE004B6C4F /* Q1-08_siUnit.c */,
				0490619A268AC378004B6C4F /* Q2-05_bodyInfor.c */,
			);
			path = "Day 02_210629";
			sourceTree = "<group>";
			usesTabs = 1;
		};
		049538D426A500B800ECA8C2 /* Day 16_210719 */ = {
			isa = PBXGroup;
			children = (
				049538CF26A4EDCA00ECA8C2 /* test.cpp */,
				0434BE8F26A4D3AC00F7F0EE /* HW33.cpp */,
				049538D526A500D300ECA8C2 /* ex09-03.c */,
				049538D726A51E3F00ECA8C2 /* User.h */,
			);
			path = "Day 16_210719";
			sourceTree = "<group>";
		};
		04AC90902697CEC1000D0561 /* Day 10_210709 */ = {
			isa = PBXGroup;
			children = (
				04AC90912697CEEB000D0561 /* lab_type_casting.c */,
				04AC90932697D3FB000D0561 /* lab_int-vs-uint.c */,
				040AF64B269B51E8005B8E91 /* HW18.cpp */,
				040AF64D269B53FF005B8E91 /* HW19.cpp */,
				040AF64F269B555C005B8E91 /* HW20.cpp */,
				040AF651269B5730005B8E91 /* HW21.cpp */,
				040AF653269B57D5005B8E91 /* HW22.cpp */,
			);
			path = "Day 10_210709";
			sourceTree = "<group>";
			usesTabs = 1;
		};
		04AD199026A6517C00E9E25E /* Day 17_210720 */ = {
			isa = PBXGroup;
			children = (
				0434BE9326A4E3E300F7F0EE /* HW39.cpp */,
				0434BE9126A4E33300F7F0EE /* HW40.cpp */,
				049538D226A4F8D100ECA8C2 /* HW41.cpp */,
				04AD199526A6713200E9E25E /* HW42.cpp */,
				04AD199A26A6740700E9E25E /* HW43.cpp */,
				04AD199126A651EE00E9E25E /* lab_argument.c */,
			);
			path = "Day 17_210720";
			sourceTree = "<group>";
			usesTabs = 1;
		};
		04AFF6BC2692AE1B00BA206E /* Day 06_210705 */ = {
			isa = PBXGroup;
			children = (
				04AFF6BD2692AE6600BA206E /* HW1.cpp */,
				04AFF6BF2692B19500BA206E /* HW2.cpp */,
				04AFF6C12692B2FB00BA206E /* HW3.cpp */,
			);
			path = "Day 06_210705";
			sourceTree = "<group>";
			usesTabs = 1;
		};
		04F7F216268E8FCC00A54BFF /* Day 05_210702 */ = {
			isa = PBXGroup;
			children = (
				04F7F217268E98E700A54BFF /* Basic03_03_scanf.c */,
				04F7F219268E9F6E00A54BFF /* Basic03_03_scanf2.c */,
				04F7F21B268E9FFA00A54BFF /* Basic03_03_scanf3.c */,
				04F7F21D268EA09900A54BFF /* Basic03_03_scanf4.c */,
				04F7F21F268EA14B00A54BFF /* Basic03_04_gets.c */,
				04F7F221268EA42600A54BFF /* Basic05_01_if1.c */,
				04F7F223268EA59A00A54BFF /* Basic05_01_if2-absoluteVal.c */,
				04F7F225268EA77300A54BFF /* Basic05_02_if1.c */,
				04F7F227268EA7EE00A54BFF /* Basic05_02_if2-SmallLarge.c */,
				04F7F229268EA89200A54BFF /* Basic05_02_if3-OddEven.c */,
				04F7F22B268EA91900A54BFF /* Basic05_02_if4-division.c */,
				04F7F22D268EA9D900A54BFF /* Basic05_03_if1.c */,
				04F7F22F268EB31E00A54BFF /* Basic05_04_for1.c */,
				04F7F230268EB37C00A54BFF /* Basic05_04_for2.c */,
				04F7F231268EB3D900A54BFF /* Basic05_04_for3.c */,
				04F7F232268EB42100A54BFF /* Basic05_04_for4-sum.c */,
				04F7F233268EB4A200A54BFF /* Basic05_04_for5-evenSum.c */,
				04F7F234268EB54000A54BFF /* Basic05_04_for6-nTimePrint.c */,
				04F7F235268EB5FF00A54BFF /* Basic05_05_while-sum.c */,
				04F7F237268EB6A200A54BFF /* Basic05_05_while-gugudan.c */,
			);
			path = "Day 05_210702";
			sourceTree = "<group>";
			usesTabs = 1;
		};
/* End PBXGroup section */

/* Begin PBXNativeTarget section */
		041BDC54268964F400D8883B /* C Language Study */ = {
			isa = PBXNativeTarget;
			buildConfigurationList = 041BDC5C268964F400D8883B /* Build configuration list for PBXNativeTarget "C Language Study" */;
			buildPhases = (
				041BDC51268964F400D8883B /* Sources */,
				041BDC52268964F400D8883B /* Frameworks */,
				041BDC53268964F400D8883B /* CopyFiles */,
			);
			buildRules = (
			);
			dependencies = (
			);
			name = "C Language Study";
			productName = "C Language Study";
			productReference = 041BDC55268964F400D8883B /* C Language Study */;
			productType = "com.apple.product-type.tool";
		};
/* End PBXNativeTarget section */

/* Begin PBXProject section */
		041BDC4D268964F400D8883B /* Project object */ = {
			isa = PBXProject;
			attributes = {
				LastUpgradeCheck = 1250;
				TargetAttributes = {
					041BDC54268964F400D8883B = {
						CreatedOnToolsVersion = 12.5;
					};
				};
			};
			buildConfigurationList = 041BDC50268964F400D8883B /* Build configuration list for PBXProject "C Language Study" */;
			compatibilityVersion = "Xcode 9.3";
			developmentRegion = en;
			hasScannedForEncodings = 0;
			knownRegions = (
				en,
				Base,
			);
			mainGroup = 041BDC4C268964F400D8883B;
			productRefGroup = 041BDC56268964F400D8883B /* Products */;
			projectDirPath = "";
			projectRoot = "";
			targets = (
				041BDC54268964F400D8883B /* C Language Study */,
			);
		};
/* End PBXProject section */

/* Begin PBXSourcesBuildPhase section */
		041BDC51268964F400D8883B /* Sources */ = {
			isa = PBXSourcesBuildPhase;
			buildActionMask = 2147483647;
			files = (
				045D158026A917E1003A759D /* HW46.cpp in Sources */,
			);
			runOnlyForDeploymentPostprocessing = 0;
		};
/* End PBXSourcesBuildPhase section */

/* Begin XCBuildConfiguration section */
		041BDC5A268964F400D8883B /* Debug */ = {
			isa = XCBuildConfiguration;
			buildSettings = {
				ALWAYS_SEARCH_USER_PATHS = NO;
				CLANG_ANALYZER_NONNULL = YES;
				CLANG_ANALYZER_NUMBER_OBJECT_CONVERSION = YES_AGGRESSIVE;
				CLANG_CXX_LANGUAGE_STANDARD = "gnu++14";
				CLANG_CXX_LIBRARY = "libc++";
				CLANG_ENABLE_MODULES = YES;
				CLANG_ENABLE_OBJC_ARC = YES;
				CLANG_ENABLE_OBJC_WEAK = YES;
				CLANG_WARN_BLOCK_CAPTURE_AUTORELEASING = YES;
				CLANG_WARN_BOOL_CONVERSION = YES;
				CLANG_WARN_COMMA = YES;
				CLANG_WARN_CONSTANT_CONVERSION = YES;
				CLANG_WARN_DEPRECATED_OBJC_IMPLEMENTATIONS = YES;
				CLANG_WARN_DIRECT_OBJC_ISA_USAGE = YES_ERROR;
				CLANG_WARN_DOCUMENTATION_COMMENTS = YES;
				CLANG_WARN_EMPTY_BODY = YES;
				CLANG_WARN_ENUM_CONVERSION = YES;
				CLANG_WARN_INFINITE_RECURSION = YES;
				CLANG_WARN_INT_CONVERSION = YES;
				CLANG_WARN_NON_LITERAL_NULL_CONVERSION = YES;
				CLANG_WARN_OBJC_IMPLICIT_RETAIN_SELF = YES;
				CLANG_WARN_OBJC_LITERAL_CONVERSION = YES;
				CLANG_WARN_OBJC_ROOT_CLASS = YES_ERROR;
				CLANG_WARN_QUOTED_INCLUDE_IN_FRAMEWORK_HEADER = YES;
				CLANG_WARN_RANGE_LOOP_ANALYSIS = YES;
				CLANG_WARN_STRICT_PROTOTYPES = YES;
				CLANG_WARN_SUSPICIOUS_MOVE = YES;
				CLANG_WARN_UNGUARDED_AVAILABILITY = YES_AGGRESSIVE;
				CLANG_WARN_UNREACHABLE_CODE = YES;
				CLANG_WARN__DUPLICATE_METHOD_MATCH = YES;
				COPY_PHASE_STRIP = NO;
				DEBUG_INFORMATION_FORMAT = dwarf;
				ENABLE_STRICT_OBJC_MSGSEND = YES;
				ENABLE_TESTABILITY = YES;
				GCC_C_LANGUAGE_STANDARD = gnu11;
				GCC_DYNAMIC_NO_PIC = NO;
				GCC_NO_COMMON_BLOCKS = YES;
				GCC_OPTIMIZATION_LEVEL = 0;
				GCC_PREPROCESSOR_DEFINITIONS = (
					"DEBUG=1",
					"$(inherited)",
				);
				GCC_WARN_64_TO_32_BIT_CONVERSION = YES;
				GCC_WARN_ABOUT_RETURN_TYPE = YES_ERROR;
				GCC_WARN_UNDECLARED_SELECTOR = YES;
				GCC_WARN_UNINITIALIZED_AUTOS = YES_AGGRESSIVE;
				GCC_WARN_UNUSED_FUNCTION = YES;
				GCC_WARN_UNUSED_VARIABLE = YES;
				MACOSX_DEPLOYMENT_TARGET = 11.3;
				MTL_ENABLE_DEBUG_INFO = INCLUDE_SOURCE;
				MTL_FAST_MATH = YES;
				ONLY_ACTIVE_ARCH = YES;
				SDKROOT = macosx;
			};
			name = Debug;
		};
		041BDC5B268964F400D8883B /* Release */ = {
			isa = XCBuildConfiguration;
			buildSettings = {
				ALWAYS_SEARCH_USER_PATHS = NO;
				CLANG_ANALYZER_NONNULL = YES;
				CLANG_ANALYZER_NUMBER_OBJECT_CONVERSION = YES_AGGRESSIVE;
				CLANG_CXX_LANGUAGE_STANDARD = "gnu++14";
				CLANG_CXX_LIBRARY = "libc++";
				CLANG_ENABLE_MODULES = YES;
				CLANG_ENABLE_OBJC_ARC = YES;
				CLANG_ENABLE_OBJC_WEAK = YES;
				CLANG_WARN_BLOCK_CAPTURE_AUTORELEASING = YES;
				CLANG_WARN_BOOL_CONVERSION = YES;
				CLANG_WARN_COMMA = YES;
				CLANG_WARN_CONSTANT_CONVERSION = YES;
				CLANG_WARN_DEPRECATED_OBJC_IMPLEMENTATIONS = YES;
				CLANG_WARN_DIRECT_OBJC_ISA_USAGE = YES_ERROR;
				CLANG_WARN_DOCUMENTATION_COMMENTS = YES;
				CLANG_WARN_EMPTY_BODY = YES;
				CLANG_WARN_ENUM_CONVERSION = YES;
				CLANG_WARN_INFINITE_RECURSION = YES;
				CLANG_WARN_INT_CONVERSION = YES;
				CLANG_WARN_NON_LITERAL_NULL_CONVERSION = YES;
				CLANG_WARN_OBJC_IMPLICIT_RETAIN_SELF = YES;
				CLANG_WARN_OBJC_LITERAL_CONVERSION = YES;
				CLANG_WARN_OBJC_ROOT_CLASS = YES_ERROR;
				CLANG_WARN_QUOTED_INCLUDE_IN_FRAMEWORK_HEADER = YES;
				CLANG_WARN_RANGE_LOOP_ANALYSIS = YES;
				CLANG_WARN_STRICT_PROTOTYPES = YES;
				CLANG_WARN_SUSPICIOUS_MOVE = YES;
				CLANG_WARN_UNGUARDED_AVAILABILITY = YES_AGGRESSIVE;
				CLANG_WARN_UNREACHABLE_CODE = YES;
				CLANG_WARN__DUPLICATE_METHOD_MATCH = YES;
				COPY_PHASE_STRIP = NO;
				DEBUG_INFORMATION_FORMAT = "dwarf-with-dsym";
				ENABLE_NS_ASSERTIONS = NO;
				ENABLE_STRICT_OBJC_MSGSEND = YES;
				GCC_C_LANGUAGE_STANDARD = gnu11;
				GCC_NO_COMMON_BLOCKS = YES;
				GCC_WARN_64_TO_32_BIT_CONVERSION = YES;
				GCC_WARN_ABOUT_RETURN_TYPE = YES_ERROR;
				GCC_WARN_UNDECLARED_SELECTOR = YES;
				GCC_WARN_UNINITIALIZED_AUTOS = YES_AGGRESSIVE;
				GCC_WARN_UNUSED_FUNCTION = YES;
				GCC_WARN_UNUSED_VARIABLE = YES;
				MACOSX_DEPLOYMENT_TARGET = 11.3;
				MTL_ENABLE_DEBUG_INFO = NO;
				MTL_FAST_MATH = YES;
				SDKROOT = macosx;
			};
			name = Release;
		};
		041BDC5D268964F400D8883B /* Debug */ = {
			isa = XCBuildConfiguration;
			buildSettings = {
				CODE_SIGN_STYLE = Automatic;
				PRODUCT_NAME = "$(TARGET_NAME)";
			};
			name = Debug;
		};
		041BDC5E268964F400D8883B /* Release */ = {
			isa = XCBuildConfiguration;
			buildSettings = {
				CODE_SIGN_STYLE = Automatic;
				PRODUCT_NAME = "$(TARGET_NAME)";
			};
			name = Release;
		};
/* End XCBuildConfiguration section */

/* Begin XCConfigurationList section */
		041BDC50268964F400D8883B /* Build configuration list for PBXProject "C Language Study" */ = {
			isa = XCConfigurationList;
			buildConfigurations = (
				041BDC5A268964F400D8883B /* Debug */,
				041BDC5B268964F400D8883B /* Release */,
			);
			defaultConfigurationIsVisible = 0;
			defaultConfigurationName = Release;
		};
		041BDC5C268964F400D8883B /* Build configuration list for PBXNativeTarget "C Language Study" */ = {
			isa = XCConfigurationList;
			buildConfigurations = (
				041BDC5D268964F400D8883B /* Debug */,
				041BDC5E268964F400D8883B /* Release */,
			);
			defaultConfigurationIsVisible = 0;
			defaultConfigurationName = Release;
		};
/* End XCConfigurationList section */
	};
	rootObject = 041BDC4D268964F400D8883B /* Project object */;
}
