// !$*UTF8*$!
{
	archiveVersion = 1;
	classes = {
	};
	objectVersion = 50;
	objects = {

/* Begin PBXBuildFile section */
		0462E4B2268C149100FD032B /* Chap2_08_macroConstant.c in Sources */ = {isa = PBXBuildFile; fileRef = 0462E4B1268C149100FD032B /* Chap2_08_macroConstant.c */; };
/* End PBXBuildFile section */

/* Begin PBXCopyFilesBuildPhase section */
		041BDC53268964F400D8883B /* CopyFiles */ = {
			isa = PBXCopyFilesBuildPhase;
			buildActionMask = 2147483647;
			dstPath = /usr/share/man/man1/;
			dstSubfolderSpec = 0;
			files = (
			);
			runOnlyForDeploymentPostprocessing = 1;
		};
/* End PBXCopyFilesBuildPhase section */

/* Begin PBXFileReference section */
		041BDC55268964F400D8883B /* C Language Study */ = {isa = PBXFileReference; explicitFileType = "compiled.mach-o.executable"; includeInIndex = 0; path = "C Language Study"; sourceTree = BUILT_PRODUCTS_DIR; };
		041BDC58268964F400D8883B /* Hello World.c */ = {isa = PBXFileReference; lastKnownFileType = sourcecode.c.c; path = "Hello World.c"; sourceTree = "<group>"; };
		0462E49F268BF02A00FD032B /* research_DataType.c */ = {isa = PBXFileReference; lastKnownFileType = sourcecode.c.c; path = research_DataType.c; sourceTree = "<group>"; };
		0462E4A1268BF59900FD032B /* Chap2_02_datatype.c */ = {isa = PBXFileReference; lastKnownFileType = sourcecode.c.c; path = Chap2_02_datatype.c; sourceTree = "<group>"; };
		0462E4A3268BF9CD00FD032B /* Q2-06_taxCal.c */ = {isa = PBXFileReference; lastKnownFileType = sourcecode.c.c; path = "Q2-06_taxCal.c"; sourceTree = "<group>"; };
		0462E4A5268BFB5C00FD032B /* Chap2_02_limits.c */ = {isa = PBXFileReference; lastKnownFileType = sourcecode.c.c; path = Chap2_02_limits.c; sourceTree = "<group>"; };
		0462E4A7268BFBF300FD032B /* Chap2_03_datasize.c */ = {isa = PBXFileReference; lastKnownFileType = sourcecode.c.c; path = Chap2_03_datasize.c; sourceTree = "<group>"; usesTabs = 1; };
		0462E4A9268C008600FD032B /* Chap2_04_numtype.c */ = {isa = PBXFileReference; lastKnownFileType = sourcecode.c.c; path = Chap2_04_numtype.c; sourceTree = "<group>"; usesTabs = 1; };
		0462E4AB268C04DF00FD032B /* Chap2_05_floatType.c */ = {isa = PBXFileReference; lastKnownFileType = sourcecode.c.c; path = Chap2_05_floatType.c; sourceTree = "<group>"; usesTabs = 1; };
		0462E4AD268C0E5200FD032B /* Chap2_06_charType.c */ = {isa = PBXFileReference; lastKnownFileType = sourcecode.c.c; path = Chap2_06_charType.c; sourceTree = "<group>"; };
		0462E4AF268C12CA00FD032B /* Chap2_07_stringType.c */ = {isa = PBXFileReference; lastKnownFileType = sourcecode.c.c; path = Chap2_07_stringType.c; sourceTree = "<group>"; };
		0462E4B1268C149100FD032B /* Chap2_08_macroConstant.c */ = {isa = PBXFileReference; lastKnownFileType = sourcecode.c.c; path = Chap2_08_macroConstant.c; sourceTree = "<group>"; };
		04906194268AA6F5004B6C4F /* Q1-07_age.c */ = {isa = PBXFileReference; lastKnownFileType = sourcecode.c.c; path = "Q1-07_age.c"; sourceTree = "<group>"; };
		04906196268AA7BE004B6C4F /* Q1-08_siUnit.c */ = {isa = PBXFileReference; lastKnownFileType = sourcecode.c.c; path = "Q1-08_siUnit.c"; sourceTree = "<group>"; };
		04906198268ABB88004B6C4F /* Chap2_01_datatypes.c */ = {isa = PBXFileReference; lastKnownFileType = sourcecode.c.c; path = Chap2_01_datatypes.c; sourceTree = "<group>"; };
		0490619A268AC378004B6C4F /* Q2-05_bodyInfor.c */ = {isa = PBXFileReference; lastKnownFileType = sourcecode.c.c; path = "Q2-05_bodyInfor.c"; sourceTree = "<group>"; };
/* End PBXFileReference section */

/* Begin PBXFrameworksBuildPhase section */
		041BDC52268964F400D8883B /* Frameworks */ = {
			isa = PBXFrameworksBuildPhase;
			buildActionMask = 2147483647;
			files = (
			);
			runOnlyForDeploymentPostprocessing = 0;
		};
/* End PBXFrameworksBuildPhase section */

/* Begin PBXGroup section */
		041BDC4C268964F400D8883B = {
			isa = PBXGroup;
			children = (
				041BDC57268964F400D8883B /* C Language Study */,
				041BDC56268964F400D8883B /* Products */,
			);
			sourceTree = "<group>";
		};
		041BDC56268964F400D8883B /* Products */ = {
			isa = PBXGroup;
			children = (
				041BDC55268964F400D8883B /* C Language Study */,
			);
			name = Products;
			sourceTree = "<group>";
		};
		041BDC57268964F400D8883B /* C Language Study */ = {
			isa = PBXGroup;
			children = (
				04906192268AA34F004B6C4F /* Day 01_210628 */,
				04906193268AA68E004B6C4F /* Day 02_210629 */,
				0462E49E268BEE7600FD032B /* Day 03_210630 */,
			);
			path = "C Language Study";
			sourceTree = "<group>";
		};
		0462E49E268BEE7600FD032B /* Day 03_210630 */ = {
			isa = PBXGroup;
			children = (
				0462E49F268BF02A00FD032B /* research_DataType.c */,
				0462E4A1268BF59900FD032B /* Chap2_02_datatype.c */,
				0462E4A5268BFB5C00FD032B /* Chap2_02_limits.c */,
				0462E4A3268BF9CD00FD032B /* Q2-06_taxCal.c */,
				0462E4A7268BFBF300FD032B /* Chap2_03_datasize.c */,
				0462E4A9268C008600FD032B /* Chap2_04_numtype.c */,
				0462E4AB268C04DF00FD032B /* Chap2_05_floatType.c */,
				0462E4AD268C0E5200FD032B /* Chap2_06_charType.c */,
				0462E4AF268C12CA00FD032B /* Chap2_07_stringType.c */,
				0462E4B1268C149100FD032B /* Chap2_08_macroConstant.c */,
			);
			path = "Day 03_210630";
			sourceTree = "<group>";
		};
		04906192268AA34F004B6C4F /* Day 01_210628 */ = {
			isa = PBXGroup;
			children = (
				041BDC58268964F400D8883B /* Hello World.c */,
			);
			path = "Day 01_210628";
			sourceTree = "<group>";
		};
		04906193268AA68E004B6C4F /* Day 02_210629 */ = {
			isa = PBXGroup;
			children = (
				04906194268AA6F5004B6C4F /* Q1-07_age.c */,
				04906196268AA7BE004B6C4F /* Q1-08_siUnit.c */,
				04906198268ABB88004B6C4F /* Chap2_01_datatypes.c */,
				0490619A268AC378004B6C4F /* Q2-05_bodyInfor.c */,
			);
			path = "Day 02_210629";
			sourceTree = "<group>";
		};
/* End PBXGroup section */

/* Begin PBXNativeTarget section */
		041BDC54268964F400D8883B /* C Language Study */ = {
			isa = PBXNativeTarget;
			buildConfigurationList = 041BDC5C268964F400D8883B /* Build configuration list for PBXNativeTarget "C Language Study" */;
			buildPhases = (
				041BDC51268964F400D8883B /* Sources */,
				041BDC52268964F400D8883B /* Frameworks */,
				041BDC53268964F400D8883B /* CopyFiles */,
			);
			buildRules = (
			);
			dependencies = (
			);
			name = "C Language Study";
			productName = "C Language Study";
			productReference = 041BDC55268964F400D8883B /* C Language Study */;
			productType = "com.apple.product-type.tool";
		};
/* End PBXNativeTarget section */

/* Begin PBXProject section */
		041BDC4D268964F400D8883B /* Project object */ = {
			isa = PBXProject;
			attributes = {
				LastUpgradeCheck = 1250;
				TargetAttributes = {
					041BDC54268964F400D8883B = {
						CreatedOnToolsVersion = 12.5;
					};
				};
			};
			buildConfigurationList = 041BDC50268964F400D8883B /* Build configuration list for PBXProject "C Language Study" */;
			compatibilityVersion = "Xcode 9.3";
			developmentRegion = en;
			hasScannedForEncodings = 0;
			knownRegions = (
				en,
				Base,
			);
			mainGroup = 041BDC4C268964F400D8883B;
			productRefGroup = 041BDC56268964F400D8883B /* Products */;
			projectDirPath = "";
			projectRoot = "";
			targets = (
				041BDC54268964F400D8883B /* C Language Study */,
			);
		};
/* End PBXProject section */

/* Begin PBXSourcesBuildPhase section */
		041BDC51268964F400D8883B /* Sources */ = {
			isa = PBXSourcesBuildPhase;
			buildActionMask = 2147483647;
			files = (
				0462E4B2268C149100FD032B /* Chap2_08_macroConstant.c in Sources */,
			);
			runOnlyForDeploymentPostprocessing = 0;
		};
/* End PBXSourcesBuildPhase section */

/* Begin XCBuildConfiguration section */
		041BDC5A268964F400D8883B /* Debug */ = {
			isa = XCBuildConfiguration;
			buildSettings = {
				ALWAYS_SEARCH_USER_PATHS = NO;
				CLANG_ANALYZER_NONNULL = YES;
				CLANG_ANALYZER_NUMBER_OBJECT_CONVERSION = YES_AGGRESSIVE;
				CLANG_CXX_LANGUAGE_STANDARD = "gnu++14";
				CLANG_CXX_LIBRARY = "libc++";
				CLANG_ENABLE_MODULES = YES;
				CLANG_ENABLE_OBJC_ARC = YES;
				CLANG_ENABLE_OBJC_WEAK = YES;
				CLANG_WARN_BLOCK_CAPTURE_AUTORELEASING = YES;
				CLANG_WARN_BOOL_CONVERSION = YES;
				CLANG_WARN_COMMA = YES;
				CLANG_WARN_CONSTANT_CONVERSION = YES;
				CLANG_WARN_DEPRECATED_OBJC_IMPLEMENTATIONS = YES;
				CLANG_WARN_DIRECT_OBJC_ISA_USAGE = YES_ERROR;
				CLANG_WARN_DOCUMENTATION_COMMENTS = YES;
				CLANG_WARN_EMPTY_BODY = YES;
				CLANG_WARN_ENUM_CONVERSION = YES;
				CLANG_WARN_INFINITE_RECURSION = YES;
				CLANG_WARN_INT_CONVERSION = YES;
				CLANG_WARN_NON_LITERAL_NULL_CONVERSION = YES;
				CLANG_WARN_OBJC_IMPLICIT_RETAIN_SELF = YES;
				CLANG_WARN_OBJC_LITERAL_CONVERSION = YES;
				CLANG_WARN_OBJC_ROOT_CLASS = YES_ERROR;
				CLANG_WARN_QUOTED_INCLUDE_IN_FRAMEWORK_HEADER = YES;
				CLANG_WARN_RANGE_LOOP_ANALYSIS = YES;
				CLANG_WARN_STRICT_PROTOTYPES = YES;
				CLANG_WARN_SUSPICIOUS_MOVE = YES;
				CLANG_WARN_UNGUARDED_AVAILABILITY = YES_AGGRESSIVE;
				CLANG_WARN_UNREACHABLE_CODE = YES;
				CLANG_WARN__DUPLICATE_METHOD_MATCH = YES;
				COPY_PHASE_STRIP = NO;
				DEBUG_INFORMATION_FORMAT = dwarf;
				ENABLE_STRICT_OBJC_MSGSEND = YES;
				ENABLE_TESTABILITY = YES;
				GCC_C_LANGUAGE_STANDARD = gnu11;
				GCC_DYNAMIC_NO_PIC = NO;
				GCC_NO_COMMON_BLOCKS = YES;
				GCC_OPTIMIZATION_LEVEL = 0;
				GCC_PREPROCESSOR_DEFINITIONS = (
					"DEBUG=1",
					"$(inherited)",
				);
				GCC_WARN_64_TO_32_BIT_CONVERSION = YES;
				GCC_WARN_ABOUT_RETURN_TYPE = YES_ERROR;
				GCC_WARN_UNDECLARED_SELECTOR = YES;
				GCC_WARN_UNINITIALIZED_AUTOS = YES_AGGRESSIVE;
				GCC_WARN_UNUSED_FUNCTION = YES;
				GCC_WARN_UNUSED_VARIABLE = YES;
				MACOSX_DEPLOYMENT_TARGET = 11.3;
				MTL_ENABLE_DEBUG_INFO = INCLUDE_SOURCE;
				MTL_FAST_MATH = YES;
				ONLY_ACTIVE_ARCH = YES;
				SDKROOT = macosx;
			};
			name = Debug;
		};
		041BDC5B268964F400D8883B /* Release */ = {
			isa = XCBuildConfiguration;
			buildSettings = {
				ALWAYS_SEARCH_USER_PATHS = NO;
				CLANG_ANALYZER_NONNULL = YES;
				CLANG_ANALYZER_NUMBER_OBJECT_CONVERSION = YES_AGGRESSIVE;
				CLANG_CXX_LANGUAGE_STANDARD = "gnu++14";
				CLANG_CXX_LIBRARY = "libc++";
				CLANG_ENABLE_MODULES = YES;
				CLANG_ENABLE_OBJC_ARC = YES;
				CLANG_ENABLE_OBJC_WEAK = YES;
				CLANG_WARN_BLOCK_CAPTURE_AUTORELEASING = YES;
				CLANG_WARN_BOOL_CONVERSION = YES;
				CLANG_WARN_COMMA = YES;
				CLANG_WARN_CONSTANT_CONVERSION = YES;
				CLANG_WARN_DEPRECATED_OBJC_IMPLEMENTATIONS = YES;
				CLANG_WARN_DIRECT_OBJC_ISA_USAGE = YES_ERROR;
				CLANG_WARN_DOCUMENTATION_COMMENTS = YES;
				CLANG_WARN_EMPTY_BODY = YES;
				CLANG_WARN_ENUM_CONVERSION = YES;
				CLANG_WARN_INFINITE_RECURSION = YES;
				CLANG_WARN_INT_CONVERSION = YES;
				CLANG_WARN_NON_LITERAL_NULL_CONVERSION = YES;
				CLANG_WARN_OBJC_IMPLICIT_RETAIN_SELF = YES;
				CLANG_WARN_OBJC_LITERAL_CONVERSION = YES;
				CLANG_WARN_OBJC_ROOT_CLASS = YES_ERROR;
				CLANG_WARN_QUOTED_INCLUDE_IN_FRAMEWORK_HEADER = YES;
				CLANG_WARN_RANGE_LOOP_ANALYSIS = YES;
				CLANG_WARN_STRICT_PROTOTYPES = YES;
				CLANG_WARN_SUSPICIOUS_MOVE = YES;
				CLANG_WARN_UNGUARDED_AVAILABILITY = YES_AGGRESSIVE;
				CLANG_WARN_UNREACHABLE_CODE = YES;
				CLANG_WARN__DUPLICATE_METHOD_MATCH = YES;
				COPY_PHASE_STRIP = NO;
				DEBUG_INFORMATION_FORMAT = "dwarf-with-dsym";
				ENABLE_NS_ASSERTIONS = NO;
				ENABLE_STRICT_OBJC_MSGSEND = YES;
				GCC_C_LANGUAGE_STANDARD = gnu11;
				GCC_NO_COMMON_BLOCKS = YES;
				GCC_WARN_64_TO_32_BIT_CONVERSION = YES;
				GCC_WARN_ABOUT_RETURN_TYPE = YES_ERROR;
				GCC_WARN_UNDECLARED_SELECTOR = YES;
				GCC_WARN_UNINITIALIZED_AUTOS = YES_AGGRESSIVE;
				GCC_WARN_UNUSED_FUNCTION = YES;
				GCC_WARN_UNUSED_VARIABLE = YES;
				MACOSX_DEPLOYMENT_TARGET = 11.3;
				MTL_ENABLE_DEBUG_INFO = NO;
				MTL_FAST_MATH = YES;
				SDKROOT = macosx;
			};
			name = Release;
		};
		041BDC5D268964F400D8883B /* Debug */ = {
			isa = XCBuildConfiguration;
			buildSettings = {
				CODE_SIGN_STYLE = Automatic;
				PRODUCT_NAME = "$(TARGET_NAME)";
			};
			name = Debug;
		};
		041BDC5E268964F400D8883B /* Release */ = {
			isa = XCBuildConfiguration;
			buildSettings = {
				CODE_SIGN_STYLE = Automatic;
				PRODUCT_NAME = "$(TARGET_NAME)";
			};
			name = Release;
		};
/* End XCBuildConfiguration section */

/* Begin XCConfigurationList section */
		041BDC50268964F400D8883B /* Build configuration list for PBXProject "C Language Study" */ = {
			isa = XCConfigurationList;
			buildConfigurations = (
				041BDC5A268964F400D8883B /* Debug */,
				041BDC5B268964F400D8883B /* Release */,
			);
			defaultConfigurationIsVisible = 0;
			defaultConfigurationName = Release;
		};
		041BDC5C268964F400D8883B /* Build configuration list for PBXNativeTarget "C Language Study" */ = {
			isa = XCConfigurationList;
			buildConfigurations = (
				041BDC5D268964F400D8883B /* Debug */,
				041BDC5E268964F400D8883B /* Release */,
			);
			defaultConfigurationIsVisible = 0;
			defaultConfigurationName = Release;
		};
/* End XCConfigurationList section */
	};
	rootObject = 041BDC4D268964F400D8883B /* Project object */;
}
